hash: 00fdf9c84c42f945ec9e2d2713a572ce0c175574b4e9b9ee8bde3d42d4e17b2d
updated: 2017-09-24T12:00:42.376124202+02:00
imports:
- name: github.com/kr/pretty
  version: 9272f0205388f1e4309cfe59d5e34eb976e5ce5f
  repo: https://github.com/roscopecoltran/pretty.git
  vcs: git
- name: github.com/kr/text
  version: bb797dc4fb8320488f47bf11de07a733d7233e1f
- name: github.com/pierrec/go-ini
  version: e5919f8bb24619bdade0c1b49e1f540952aaed1e
  subpackages:
  - internal/structs
- name: github.com/spf13/cast
  version: acbeb36b902d72a7a4c18e8f3241075e7ab763e4
testImports: []
